{
  "nodes": {
    "home-manager": {
      "inputs": {
        "nixpkgs": [
          "nixpkgs"
        ]
      },
      "locked": {
        "lastModified": 1684157850,
        "narHash": "sha256-xGHTCgvAxO5CgAL6IAgE/VGRX2wob2Y+DPyqpXJ32oQ=",
        "owner": "nix-community",
        "repo": "home-manager",
        "rev": "c0deab0effd576e70343cb5df0c64428e0e0d010",
        "type": "github"
      },
      "original": {
        "owner": "nix-community",
        "ref": "master",
        "repo": "home-manager",
        "type": "github"
      }
    },
    "nixpkgs": {
      "locked": {
        "lastModified": 1684130981,
        "narHash": "sha256-5IPp/rUAOogega5xuRoxcpfkwlGDAyWdizL0Tp2GA4s=",
        "owner": "nixos",
        "repo": "nixpkgs",
        "rev": "d41eea2839de7de0f2cbe4aa90fde5db8afcd30a",
        "type": "github"
      },
      "original": {
        "owner": "nixos",
        "ref": "nixos-22.11",
        "repo": "nixpkgs",
        "type": "github"
      }
    },
    "nixpkgs-unstable": {
      "locked": {
        "lastModified": 1684139381,
        "narHash": "sha256-YPLMeYE+UzxxP0qbkBzv3RBDvyGR5I4d7v2n8dI3+fY=",
        "owner": "nixos",
        "repo": "nixpkgs",
        "rev": "17a689596b72d1906883484838eb1aaf51ab8001",
        "type": "github"
      },
      "original": {
        "owner": "nixos",
        "ref": "nixos-unstable",
        "repo": "nixpkgs",
        "type": "github"
      }
    },
    "root": {
      "inputs": {
        "home-manager": "home-manager",
        "nixpkgs": "nixpkgs",
        "nixpkgs-unstable": "nixpkgs-unstable"
      }
    }
  },
  "root": "root",
  "version": 7
}
